
Microsoft Visual Studio Solution File, Format Version 12.00
# Visual Studio Version 16
VisualStudioVersion = 16.0.31424.327
MinimumVisualStudioVersion = 10.0.40219.1
Project("{FAE04EC0-301F-11D3-BF4B-00C04F79EFBC}") = "MESSAGE MAKER", "check\MESSAGE MAKER.csproj", "{5B2E7FCB-D5DF-40DE-805E-BCDC673EF98E}"
EndProject
Project("{54435603-DBB4-11D2-8724-00A0C9A8B90C}") = "Message maker Setup", "Message maker Setup\Message maker Setup.vdproj", "{01237544-99D8-4A6B-B3B9-4742EECE0218}"
EndProject
Global
	GlobalSection(SolutionConfigurationPlatforms) = preSolution
		Debug|Any CPU = Debug|Any CPU
		Release|Any CPU = Release|Any CPU
	EndGlobalSection
	GlobalSection(ProjectConfigurationPlatforms) = postSolution
		{5B2E7FCB-D5DF-40DE-805E-BCDC673EF98E}.Debug|Any CPU.ActiveCfg = Debug|Any CPU
		{5B2E7FCB-D5DF-40DE-805E-BCDC673EF98E}.Debug|Any CPU.Build.0 = Debug|Any CPU
		{5B2E7FCB-D5DF-40DE-805E-BCDC673EF98E}.Release|Any CPU.ActiveCfg = Release|Any CPU
		{5B2E7FCB-D5DF-40DE-805E-BCDC673EF98E}.Release|Any CPU.Build.0 = Release|Any CPU
		{01237544-99D8-4A6B-B3B9-4742EECE0218}.Debug|Any CPU.ActiveCfg = Release
		{01237544-99D8-4A6B-B3B9-4742EECE0218}.Release|Any CPU.ActiveCfg = Release
	EndGlobalSection
	GlobalSection(SolutionProperties) = preSolution
		HideSolutionNode = FALSE
	EndGlobalSection
	GlobalSection(ExtensibilityGlobals) = postSolution
		SolutionGuid = {3CD230D5-70B5-4032-8F8E-5AA2131306E3}
	EndGlobalSection
EndGlobal
